
Microsoft Visual Studio Solution File, Format Version 12.00
# Visual Studio Version 17
VisualStudioVersion = 17.6.33723.286
MinimumVisualStudioVersion = 10.0.40219.1
Project("{FAE04EC0-301F-11D3-BF4B-00C04F79EFBC}") = "ManagemenDocument", "ManagemenDocument\ManagemenDocument.csproj", "{FADE1A9D-E8E9-48DE-8A0D-371426DCDE7C}"
EndProject
Global
	GlobalSection(SolutionConfigurationPlatforms) = preSolution
		Debug|Any CPU = Debug|Any CPU
		Release|Any CPU = Release|Any CPU
	EndGlobalSection
	GlobalSection(ProjectConfigurationPlatforms) = postSolution
		{FADE1A9D-E8E9-48DE-8A0D-371426DCDE7C}.Debug|Any CPU.ActiveCfg = Debug|Any CPU
		{FADE1A9D-E8E9-48DE-8A0D-371426DCDE7C}.Debug|Any CPU.Build.0 = Debug|Any CPU
		{FADE1A9D-E8E9-48DE-8A0D-371426DCDE7C}.Release|Any CPU.ActiveCfg = Release|Any CPU
		{FADE1A9D-E8E9-48DE-8A0D-371426DCDE7C}.Release|Any CPU.Build.0 = Release|Any CPU
	EndGlobalSection
	GlobalSection(SolutionProperties) = preSolution
		HideSolutionNode = FALSE
	EndGlobalSection
	GlobalSection(ExtensibilityGlobals) = postSolution
		SolutionGuid = {BB67645A-DDC0-4ACB-ABFE-DF9E9A106508}
	EndGlobalSection
EndGlobal
